
Microsoft Visual Studio Solution File, Format Version 12.00
# Visual Studio Version 17
VisualStudioVersion = 17.8.34525.116
MinimumVisualStudioVersion = 10.0.40219.1
Project("{FAE04EC0-301F-11D3-BF4B-00C04F79EFBC}") = "dz-1-git", "dz-1-git\dz-1-git.csproj", "{4C08815E-B7D0-4536-8E86-4605BB3995F8}"
EndProject
Global
	GlobalSection(SolutionConfigurationPlatforms) = preSolution
		Debug|Any CPU = Debug|Any CPU
		Release|Any CPU = Release|Any CPU
	EndGlobalSection
	GlobalSection(ProjectConfigurationPlatforms) = postSolution
		{4C08815E-B7D0-4536-8E86-4605BB3995F8}.Debug|Any CPU.ActiveCfg = Debug|Any CPU
		{4C08815E-B7D0-4536-8E86-4605BB3995F8}.Debug|Any CPU.Build.0 = Debug|Any CPU
		{4C08815E-B7D0-4536-8E86-4605BB3995F8}.Release|Any CPU.ActiveCfg = Release|Any CPU
		{4C08815E-B7D0-4536-8E86-4605BB3995F8}.Release|Any CPU.Build.0 = Release|Any CPU
	EndGlobalSection
	GlobalSection(SolutionProperties) = preSolution
		HideSolutionNode = FALSE
	EndGlobalSection
	GlobalSection(ExtensibilityGlobals) = postSolution
		SolutionGuid = {4A142D7F-1C45-43AB-8E37-268C35F25E90}
	EndGlobalSection
EndGlobal
